
Microsoft Visual Studio Solution File, Format Version 12.00
# Visual Studio Version 17
VisualStudioVersion = 17.9.34607.119
MinimumVisualStudioVersion = 10.0.40219.1
Project("{9A19103F-16F7-4668-BE54-9A1E7A4F7556}") = "LandValueHeatMap", "LandValueHeatMap.csproj", "{A9AB181D-732C-4456-B068-30AA59FD69A0}"
EndProject
Global
	GlobalSection(SolutionConfigurationPlatforms) = preSolution
		Debug|Any CPU = Debug|Any CPU
		Release|Any CPU = Release|Any CPU
	EndGlobalSection
	GlobalSection(ProjectConfigurationPlatforms) = postSolution
		{A9AB181D-732C-4456-B068-30AA59FD69A0}.Debug|Any CPU.ActiveCfg = Debug|Any CPU
		{A9AB181D-732C-4456-B068-30AA59FD69A0}.Debug|Any CPU.Build.0 = Debug|Any CPU
		{A9AB181D-732C-4456-B068-30AA59FD69A0}.Release|Any CPU.ActiveCfg = Release|Any CPU
		{A9AB181D-732C-4456-B068-30AA59FD69A0}.Release|Any CPU.Build.0 = Release|Any CPU
	EndGlobalSection
	GlobalSection(SolutionProperties) = preSolution
		HideSolutionNode = FALSE
	EndGlobalSection
	GlobalSection(ExtensibilityGlobals) = postSolution
		SolutionGuid = {3BE17C03-8612-40D8-9A29-7BE1F48C5FBB}
	EndGlobalSection
EndGlobal
